
Microsoft Visual Studio Solution File, Format Version 12.00
# Visual Studio 2012
Project("{E24C65DC-7377-472B-9ABA-BC803B73C61A}") = "Tungptph03749", "http://localhost:59130", "{EE68F1B6-856D-4DB2-9D2C-682BB6B55853}"
	ProjectSection(WebsiteProperties) = preProject
		UseIISExpress = "true"
		TargetFrameworkMoniker = ".NETFramework,Version%3Dv4.5"
		Debug.AspNetCompiler.VirtualPath = "/localhost_59130"
		Debug.AspNetCompiler.PhysicalPath = "E:\Điện toán đám mấy\Tungptph03749\"
		Debug.AspNetCompiler.TargetPath = "PrecompiledWeb\localhost_59130\"
		Debug.AspNetCompiler.Updateable = "true"
		Debug.AspNetCompiler.ForceOverwrite = "true"
		Debug.AspNetCompiler.FixedNames = "false"
		Debug.AspNetCompiler.Debug = "True"
		Release.AspNetCompiler.VirtualPath = "/localhost_59130"
		Release.AspNetCompiler.PhysicalPath = "E:\Điện toán đám mấy\Tungptph03749\"
		Release.AspNetCompiler.TargetPath = "PrecompiledWeb\localhost_59130\"
		Release.AspNetCompiler.Updateable = "true"
		Release.AspNetCompiler.ForceOverwrite = "true"
		Release.AspNetCompiler.FixedNames = "false"
		Release.AspNetCompiler.Debug = "False"
		SlnRelativePath = "E:\Điện toán đám mấy\Tungptph03749\"
	EndProjectSection
EndProject
Global
	GlobalSection(SolutionConfigurationPlatforms) = preSolution
		Debug|Any CPU = Debug|Any CPU
	EndGlobalSection
	GlobalSection(ProjectConfigurationPlatforms) = postSolution
		{EE68F1B6-856D-4DB2-9D2C-682BB6B55853}.Debug|Any CPU.ActiveCfg = Debug|Any CPU
		{EE68F1B6-856D-4DB2-9D2C-682BB6B55853}.Debug|Any CPU.Build.0 = Debug|Any CPU
	EndGlobalSection
	GlobalSection(SolutionProperties) = preSolution
		HideSolutionNode = FALSE
	EndGlobalSection
EndGlobal
